
Microsoft Visual Studio Solution File, Format Version 12.00
# Visual Studio Version 17
VisualStudioVersion = 17.13.35913.81 d17.13
MinimumVisualStudioVersion = 10.0.40219.1
Project("{FAE04EC0-301F-11D3-BF4B-00C04F79EFBC}") = "ConsoleLab1.1", "ConsoleLab1.1\ConsoleLab1.1.csproj", "{57781061-614D-4C61-90D8-F1B01F68EC3A}"
EndProject
Global
	GlobalSection(SolutionConfigurationPlatforms) = preSolution
		Debug|Any CPU = Debug|Any CPU
		Release|Any CPU = Release|Any CPU
	EndGlobalSection
	GlobalSection(ProjectConfigurationPlatforms) = postSolution
		{57781061-614D-4C61-90D8-F1B01F68EC3A}.Debug|Any CPU.ActiveCfg = Debug|Any CPU
		{57781061-614D-4C61-90D8-F1B01F68EC3A}.Debug|Any CPU.Build.0 = Debug|Any CPU
		{57781061-614D-4C61-90D8-F1B01F68EC3A}.Release|Any CPU.ActiveCfg = Release|Any CPU
		{57781061-614D-4C61-90D8-F1B01F68EC3A}.Release|Any CPU.Build.0 = Release|Any CPU
	EndGlobalSection
	GlobalSection(SolutionProperties) = preSolution
		HideSolutionNode = FALSE
	EndGlobalSection
	GlobalSection(ExtensibilityGlobals) = postSolution
		SolutionGuid = {3D07C3FF-CEE7-4E3F-8B28-F14724A1F6C3}
	EndGlobalSection
EndGlobal
